dependencies:
- name: janusgraph
  repository: https://kubernetes-charts.storage.googleapis.com
  version: 0.2.0
- name: elasticsearch
  repository: https://kubernetes-charts.storage.googleapis.com
  version: 1.11.1
- name: cassandra
  repository: https://kubernetes-charts-incubator.storage.googleapis.com/
  version: 0.9.0
- name: etcd
  repository: https://charts.bitnami.com/bitnami
  version: 3.1.1
- name: spark
  repository: https://kubernetes-charts.storage.googleapis.com
  version: 0.2.1
digest: sha256:c7402e819fbd7c2de797a0dab346bb1e9e8c2e66d7530e674c2c982dabde7a06
generated: 2019-07-11T13:34:28.758191853+02:00
